
Microsoft Visual Studio Solution File, Format Version 12.00
# Visual Studio Version 17
VisualStudioVersion = 17.4.33213.308
MinimumVisualStudioVersion = 10.0.40219.1
Project("{FAE04EC0-301F-11D3-BF4B-00C04F79EFBC}") = "tap.az", "tap.az.csproj", "{51C22CC3-FAFB-41B6-960A-199A1739D7AD}"
EndProject
Global
	GlobalSection(SolutionConfigurationPlatforms) = preSolution
		Debug|Any CPU = Debug|Any CPU
		Release|Any CPU = Release|Any CPU
	EndGlobalSection
	GlobalSection(ProjectConfigurationPlatforms) = postSolution
		{51C22CC3-FAFB-41B6-960A-199A1739D7AD}.Debug|Any CPU.ActiveCfg = Debug|Any CPU
		{51C22CC3-FAFB-41B6-960A-199A1739D7AD}.Debug|Any CPU.Build.0 = Debug|Any CPU
		{51C22CC3-FAFB-41B6-960A-199A1739D7AD}.Release|Any CPU.ActiveCfg = Release|Any CPU
		{51C22CC3-FAFB-41B6-960A-199A1739D7AD}.Release|Any CPU.Build.0 = Release|Any CPU
	EndGlobalSection
	GlobalSection(SolutionProperties) = preSolution
		HideSolutionNode = FALSE
	EndGlobalSection
	GlobalSection(ExtensibilityGlobals) = postSolution
		SolutionGuid = {E263238A-BD9F-4971-95F0-B7022B77C73A}
	EndGlobalSection
EndGlobal
